
Microsoft Visual Studio Solution File, Format Version 12.00
# Visual Studio Version 16
VisualStudioVersion = 16.0.30204.135
MinimumVisualStudioVersion = 10.0.40219.1
Project("{2150E333-8FDC-42A3-9474-1A3956D46DE8}") = "MicroServices", "MicroServices", "{41CFF4B9-936C-46A2-8157-F78D71BE71C2}"
EndProject
Project("{2150E333-8FDC-42A3-9474-1A3956D46DE8}") = "Cart", "Cart", "{12BC00FD-0198-4619-B709-45089E75A47A}"
EndProject
Project("{2150E333-8FDC-42A3-9474-1A3956D46DE8}") = "Product", "Product", "{A332B3BB-9665-4FE0-81BF-F166D15D3276}"
EndProject
Project("{2150E333-8FDC-42A3-9474-1A3956D46DE8}") = "Identity", "Identity", "{FCD7D6D1-A23A-40C5-994A-764585FA4672}"
EndProject
Project("{2150E333-8FDC-42A3-9474-1A3956D46DE8}") = "Middlewares", "Middlewares", "{35B5E06F-1F3A-47C2-882D-0DC34AA1D5BB}"
EndProject
Project("{9A19103F-16F7-4668-BE54-9A1E7A4F7556}") = "Middleware", "Middlewares\Middleware.csproj", "{13AA9BF7-0BA9-4C3E-BE52-1341B164F6BB}"
EndProject
Project("{2150E333-8FDC-42A3-9474-1A3956D46DE8}") = "Tests", "Tests", "{BA623780-A199-4C79-8151-5E2B4357409C}"
EndProject
Project("{9A19103F-16F7-4668-BE54-9A1E7A4F7556}") = "CartMicroservice.UnitTests", "Tests\CartMicroservice.UnitTests\CartMicroservice.UnitTests.csproj", "{CC090B06-A9AC-4180-BFB7-1ED08EB4F5B2}"
EndProject
Project("{9A19103F-16F7-4668-BE54-9A1E7A4F7556}") = "IdentityMicroservice.UnitTests", "Tests\IdentityMicroservice.UnitTests\IdentityMicroservice.UnitTests.csproj", "{B93E1C95-83F7-4F33-9497-936543EE4554}"
EndProject
Project("{9A19103F-16F7-4668-BE54-9A1E7A4F7556}") = "CartMicroservice", "Microservices\Cart\CartMicroservice\CartMicroservice.csproj", "{BA1BA90C-F4AD-4CC8-A1A7-47EFAAD1E2C6}"
EndProject
Project("{9A19103F-16F7-4668-BE54-9A1E7A4F7556}") = "ProductMicroservice", "Microservices\Catalog\CatalogMicroservice\ProductMicroservice.csproj", "{9EE2259F-8536-47B1-A9FD-2EE1D1E8DAD2}"
EndProject
Project("{9A19103F-16F7-4668-BE54-9A1E7A4F7556}") = "IdentityMicroservice", "Microservices\Identity\IdentityMicroservice\IdentityMicroservice.csproj", "{90065C49-59FB-4B21-A986-A83144837366}"
EndProject
Project("{9A19103F-16F7-4668-BE54-9A1E7A4F7556}") = "CartModel", "Microservices\Cart\CartModel\CartModel.csproj", "{B388E801-B552-4FD0-B9E8-F904D3D0C648}"
EndProject
Project("{9A19103F-16F7-4668-BE54-9A1E7A4F7556}") = "CartRepository", "Microservices\Cart\CartRepository\CartRepository.csproj", "{AC66466F-DF3D-4B9A-BAEB-D4EF28622CFB}"
EndProject
Project("{9A19103F-16F7-4668-BE54-9A1E7A4F7556}") = "ProductModel", "Microservices\Catalog\CatalogModel\ProductModel.csproj", "{E353D012-E3AF-4023-9B5E-7AEDAC2D6A4F}"
EndProject
Project("{9A19103F-16F7-4668-BE54-9A1E7A4F7556}") = "ProductRepository", "Microservices\Catalog\CatalogRepository\ProductRepository.csproj", "{BB9C6BE2-C5FD-4EE2-A151-5ECC1FA85148}"
EndProject
Project("{9A19103F-16F7-4668-BE54-9A1E7A4F7556}") = "IdentityModel", "Microservices\Identity\IdentityModel\IdentityModel.csproj", "{9CB424CD-6497-4238-9FCA-32F8FE3741B2}"
EndProject
Project("{9A19103F-16F7-4668-BE54-9A1E7A4F7556}") = "IdentityRepository", "Microservices\Identity\IdentityRepository\IdentityRepository.csproj", "{65986E7B-6057-46BB-9353-0572895AB2E4}"
EndProject
Project("{2150E333-8FDC-42A3-9474-1A3956D46DE8}") = "GateWays", "GateWays", "{E7FA6D6D-F605-4AC4-9BB8-5E9D6D20CED5}"
EndProject
Project("{9A19103F-16F7-4668-BE54-9A1E7A4F7556}") = "AdminGateway", "Gateways\AdminGateway\AdminGateway.csproj", "{4D3ABEBD-21E8-4860-BB06-C3F0DA357DCB}"
EndProject
Project("{9A19103F-16F7-4668-BE54-9A1E7A4F7556}") = "ClientGateway", "Gateways\ClientGateway\ClientGateway.csproj", "{9C685312-59FA-46F1-B9F5-906791DE3105}"
EndProject
Project("{2150E333-8FDC-42A3-9474-1A3956D46DE8}") = "Order", "Order", "{8084272A-87C5-4E95-94F8-FADCF1FFFF4C}"
EndProject
Project("{9A19103F-16F7-4668-BE54-9A1E7A4F7556}") = "OrderModel", "Microservices\Order\OrderModel\OrderModel.csproj", "{593407F5-DCD8-47D6-B151-50D9546C122D}"
EndProject
Project("{9A19103F-16F7-4668-BE54-9A1E7A4F7556}") = "OrderMicroservice", "Microservices\Order\OrderMicroservice\OrderMicroservice.csproj", "{743DD48C-7283-4121-BD5D-0EB773F7C6C4}"
EndProject
Project("{9A19103F-16F7-4668-BE54-9A1E7A4F7556}") = "OrderRepository", "Microservices\Order\OrderRepository\OrderRepository.csproj", "{972067EB-3EAC-4B58-A916-6285FD79A5F1}"
EndProject
Project("{9A19103F-16F7-4668-BE54-9A1E7A4F7556}") = "OrderMicroservice.UnitTests", "Tests\OrderMicroservice.UnitTests\OrderMicroservice.UnitTests.csproj", "{97F95ECE-A3E8-4773-AD54-8266A6900DC3}"
EndProject
Project("{9A19103F-16F7-4668-BE54-9A1E7A4F7556}") = "ProductMicroservice.UnitTests", "Tests\ProductMicroservice.UnitTests\ProductMicroservice.UnitTests.csproj", "{4448F173-F414-46F4-8CF1-779A484A0DBD}"
EndProject
Global
	GlobalSection(SolutionConfigurationPlatforms) = preSolution
		Debug|Any CPU = Debug|Any CPU
		Release|Any CPU = Release|Any CPU
	EndGlobalSection
	GlobalSection(ProjectConfigurationPlatforms) = postSolution
		{13AA9BF7-0BA9-4C3E-BE52-1341B164F6BB}.Debug|Any CPU.ActiveCfg = Debug|Any CPU
		{13AA9BF7-0BA9-4C3E-BE52-1341B164F6BB}.Debug|Any CPU.Build.0 = Debug|Any CPU
		{13AA9BF7-0BA9-4C3E-BE52-1341B164F6BB}.Release|Any CPU.ActiveCfg = Release|Any CPU
		{13AA9BF7-0BA9-4C3E-BE52-1341B164F6BB}.Release|Any CPU.Build.0 = Release|Any CPU
		{CC090B06-A9AC-4180-BFB7-1ED08EB4F5B2}.Debug|Any CPU.ActiveCfg = Debug|Any CPU
		{CC090B06-A9AC-4180-BFB7-1ED08EB4F5B2}.Debug|Any CPU.Build.0 = Debug|Any CPU
		{CC090B06-A9AC-4180-BFB7-1ED08EB4F5B2}.Release|Any CPU.ActiveCfg = Release|Any CPU
		{CC090B06-A9AC-4180-BFB7-1ED08EB4F5B2}.Release|Any CPU.Build.0 = Release|Any CPU
		{B93E1C95-83F7-4F33-9497-936543EE4554}.Debug|Any CPU.ActiveCfg = Debug|Any CPU
		{B93E1C95-83F7-4F33-9497-936543EE4554}.Debug|Any CPU.Build.0 = Debug|Any CPU
		{B93E1C95-83F7-4F33-9497-936543EE4554}.Release|Any CPU.ActiveCfg = Release|Any CPU
		{B93E1C95-83F7-4F33-9497-936543EE4554}.Release|Any CPU.Build.0 = Release|Any CPU
		{BA1BA90C-F4AD-4CC8-A1A7-47EFAAD1E2C6}.Debug|Any CPU.ActiveCfg = Debug|Any CPU
		{BA1BA90C-F4AD-4CC8-A1A7-47EFAAD1E2C6}.Debug|Any CPU.Build.0 = Debug|Any CPU
		{BA1BA90C-F4AD-4CC8-A1A7-47EFAAD1E2C6}.Release|Any CPU.ActiveCfg = Release|Any CPU
		{BA1BA90C-F4AD-4CC8-A1A7-47EFAAD1E2C6}.Release|Any CPU.Build.0 = Release|Any CPU
		{9EE2259F-8536-47B1-A9FD-2EE1D1E8DAD2}.Debug|Any CPU.ActiveCfg = Debug|Any CPU
		{9EE2259F-8536-47B1-A9FD-2EE1D1E8DAD2}.Debug|Any CPU.Build.0 = Debug|Any CPU
		{9EE2259F-8536-47B1-A9FD-2EE1D1E8DAD2}.Release|Any CPU.ActiveCfg = Release|Any CPU
		{9EE2259F-8536-47B1-A9FD-2EE1D1E8DAD2}.Release|Any CPU.Build.0 = Release|Any CPU
		{90065C49-59FB-4B21-A986-A83144837366}.Debug|Any CPU.ActiveCfg = Debug|Any CPU
		{90065C49-59FB-4B21-A986-A83144837366}.Debug|Any CPU.Build.0 = Debug|Any CPU
		{90065C49-59FB-4B21-A986-A83144837366}.Release|Any CPU.ActiveCfg = Release|Any CPU
		{90065C49-59FB-4B21-A986-A83144837366}.Release|Any CPU.Build.0 = Release|Any CPU
		{B388E801-B552-4FD0-B9E8-F904D3D0C648}.Debug|Any CPU.ActiveCfg = Debug|Any CPU
		{B388E801-B552-4FD0-B9E8-F904D3D0C648}.Debug|Any CPU.Build.0 = Debug|Any CPU
		{B388E801-B552-4FD0-B9E8-F904D3D0C648}.Release|Any CPU.ActiveCfg = Release|Any CPU
		{B388E801-B552-4FD0-B9E8-F904D3D0C648}.Release|Any CPU.Build.0 = Release|Any CPU
		{AC66466F-DF3D-4B9A-BAEB-D4EF28622CFB}.Debug|Any CPU.ActiveCfg = Debug|Any CPU
		{AC66466F-DF3D-4B9A-BAEB-D4EF28622CFB}.Debug|Any CPU.Build.0 = Debug|Any CPU
		{AC66466F-DF3D-4B9A-BAEB-D4EF28622CFB}.Release|Any CPU.ActiveCfg = Release|Any CPU
		{AC66466F-DF3D-4B9A-BAEB-D4EF28622CFB}.Release|Any CPU.Build.0 = Release|Any CPU
		{E353D012-E3AF-4023-9B5E-7AEDAC2D6A4F}.Debug|Any CPU.ActiveCfg = Debug|Any CPU
		{E353D012-E3AF-4023-9B5E-7AEDAC2D6A4F}.Debug|Any CPU.Build.0 = Debug|Any CPU
		{E353D012-E3AF-4023-9B5E-7AEDAC2D6A4F}.Release|Any CPU.ActiveCfg = Release|Any CPU
		{E353D012-E3AF-4023-9B5E-7AEDAC2D6A4F}.Release|Any CPU.Build.0 = Release|Any CPU
		{BB9C6BE2-C5FD-4EE2-A151-5ECC1FA85148}.Debug|Any CPU.ActiveCfg = Debug|Any CPU
		{BB9C6BE2-C5FD-4EE2-A151-5ECC1FA85148}.Debug|Any CPU.Build.0 = Debug|Any CPU
		{BB9C6BE2-C5FD-4EE2-A151-5ECC1FA85148}.Release|Any CPU.ActiveCfg = Release|Any CPU
		{BB9C6BE2-C5FD-4EE2-A151-5ECC1FA85148}.Release|Any CPU.Build.0 = Release|Any CPU
		{9CB424CD-6497-4238-9FCA-32F8FE3741B2}.Debug|Any CPU.ActiveCfg = Debug|Any CPU
		{9CB424CD-6497-4238-9FCA-32F8FE3741B2}.Debug|Any CPU.Build.0 = Debug|Any CPU
		{9CB424CD-6497-4238-9FCA-32F8FE3741B2}.Release|Any CPU.ActiveCfg = Release|Any CPU
		{9CB424CD-6497-4238-9FCA-32F8FE3741B2}.Release|Any CPU.Build.0 = Release|Any CPU
		{65986E7B-6057-46BB-9353-0572895AB2E4}.Debug|Any CPU.ActiveCfg = Debug|Any CPU
		{65986E7B-6057-46BB-9353-0572895AB2E4}.Debug|Any CPU.Build.0 = Debug|Any CPU
		{65986E7B-6057-46BB-9353-0572895AB2E4}.Release|Any CPU.ActiveCfg = Release|Any CPU
		{65986E7B-6057-46BB-9353-0572895AB2E4}.Release|Any CPU.Build.0 = Release|Any CPU
		{4D3ABEBD-21E8-4860-BB06-C3F0DA357DCB}.Debug|Any CPU.ActiveCfg = Debug|Any CPU
		{4D3ABEBD-21E8-4860-BB06-C3F0DA357DCB}.Debug|Any CPU.Build.0 = Debug|Any CPU
		{4D3ABEBD-21E8-4860-BB06-C3F0DA357DCB}.Release|Any CPU.ActiveCfg = Release|Any CPU
		{4D3ABEBD-21E8-4860-BB06-C3F0DA357DCB}.Release|Any CPU.Build.0 = Release|Any CPU
		{9C685312-59FA-46F1-B9F5-906791DE3105}.Debug|Any CPU.ActiveCfg = Debug|Any CPU
		{9C685312-59FA-46F1-B9F5-906791DE3105}.Debug|Any CPU.Build.0 = Debug|Any CPU
		{9C685312-59FA-46F1-B9F5-906791DE3105}.Release|Any CPU.ActiveCfg = Release|Any CPU
		{9C685312-59FA-46F1-B9F5-906791DE3105}.Release|Any CPU.Build.0 = Release|Any CPU
		{593407F5-DCD8-47D6-B151-50D9546C122D}.Debug|Any CPU.ActiveCfg = Debug|Any CPU
		{593407F5-DCD8-47D6-B151-50D9546C122D}.Debug|Any CPU.Build.0 = Debug|Any CPU
		{593407F5-DCD8-47D6-B151-50D9546C122D}.Release|Any CPU.ActiveCfg = Release|Any CPU
		{593407F5-DCD8-47D6-B151-50D9546C122D}.Release|Any CPU.Build.0 = Release|Any CPU
		{743DD48C-7283-4121-BD5D-0EB773F7C6C4}.Debug|Any CPU.ActiveCfg = Debug|Any CPU
		{743DD48C-7283-4121-BD5D-0EB773F7C6C4}.Debug|Any CPU.Build.0 = Debug|Any CPU
		{743DD48C-7283-4121-BD5D-0EB773F7C6C4}.Release|Any CPU.ActiveCfg = Release|Any CPU
		{743DD48C-7283-4121-BD5D-0EB773F7C6C4}.Release|Any CPU.Build.0 = Release|Any CPU
		{972067EB-3EAC-4B58-A916-6285FD79A5F1}.Debug|Any CPU.ActiveCfg = Debug|Any CPU
		{972067EB-3EAC-4B58-A916-6285FD79A5F1}.Debug|Any CPU.Build.0 = Debug|Any CPU
		{972067EB-3EAC-4B58-A916-6285FD79A5F1}.Release|Any CPU.ActiveCfg = Release|Any CPU
		{972067EB-3EAC-4B58-A916-6285FD79A5F1}.Release|Any CPU.Build.0 = Release|Any CPU
		{97F95ECE-A3E8-4773-AD54-8266A6900DC3}.Debug|Any CPU.ActiveCfg = Debug|Any CPU
		{97F95ECE-A3E8-4773-AD54-8266A6900DC3}.Debug|Any CPU.Build.0 = Debug|Any CPU
		{97F95ECE-A3E8-4773-AD54-8266A6900DC3}.Release|Any CPU.ActiveCfg = Release|Any CPU
		{97F95ECE-A3E8-4773-AD54-8266A6900DC3}.Release|Any CPU.Build.0 = Release|Any CPU
		{4448F173-F414-46F4-8CF1-779A484A0DBD}.Debug|Any CPU.ActiveCfg = Debug|Any CPU
		{4448F173-F414-46F4-8CF1-779A484A0DBD}.Debug|Any CPU.Build.0 = Debug|Any CPU
		{4448F173-F414-46F4-8CF1-779A484A0DBD}.Release|Any CPU.ActiveCfg = Release|Any CPU
		{4448F173-F414-46F4-8CF1-779A484A0DBD}.Release|Any CPU.Build.0 = Release|Any CPU
	EndGlobalSection
	GlobalSection(SolutionProperties) = preSolution
		HideSolutionNode = FALSE
	EndGlobalSection
	GlobalSection(NestedProjects) = preSolution
		{12BC00FD-0198-4619-B709-45089E75A47A} = {41CFF4B9-936C-46A2-8157-F78D71BE71C2}
		{A332B3BB-9665-4FE0-81BF-F166D15D3276} = {41CFF4B9-936C-46A2-8157-F78D71BE71C2}
		{FCD7D6D1-A23A-40C5-994A-764585FA4672} = {41CFF4B9-936C-46A2-8157-F78D71BE71C2}
		{13AA9BF7-0BA9-4C3E-BE52-1341B164F6BB} = {35B5E06F-1F3A-47C2-882D-0DC34AA1D5BB}
		{CC090B06-A9AC-4180-BFB7-1ED08EB4F5B2} = {BA623780-A199-4C79-8151-5E2B4357409C}
		{B93E1C95-83F7-4F33-9497-936543EE4554} = {BA623780-A199-4C79-8151-5E2B4357409C}
		{BA1BA90C-F4AD-4CC8-A1A7-47EFAAD1E2C6} = {12BC00FD-0198-4619-B709-45089E75A47A}
		{9EE2259F-8536-47B1-A9FD-2EE1D1E8DAD2} = {A332B3BB-9665-4FE0-81BF-F166D15D3276}
		{90065C49-59FB-4B21-A986-A83144837366} = {FCD7D6D1-A23A-40C5-994A-764585FA4672}
		{B388E801-B552-4FD0-B9E8-F904D3D0C648} = {12BC00FD-0198-4619-B709-45089E75A47A}
		{AC66466F-DF3D-4B9A-BAEB-D4EF28622CFB} = {12BC00FD-0198-4619-B709-45089E75A47A}
		{E353D012-E3AF-4023-9B5E-7AEDAC2D6A4F} = {A332B3BB-9665-4FE0-81BF-F166D15D3276}
		{BB9C6BE2-C5FD-4EE2-A151-5ECC1FA85148} = {A332B3BB-9665-4FE0-81BF-F166D15D3276}
		{9CB424CD-6497-4238-9FCA-32F8FE3741B2} = {FCD7D6D1-A23A-40C5-994A-764585FA4672}
		{65986E7B-6057-46BB-9353-0572895AB2E4} = {FCD7D6D1-A23A-40C5-994A-764585FA4672}
		{4D3ABEBD-21E8-4860-BB06-C3F0DA357DCB} = {E7FA6D6D-F605-4AC4-9BB8-5E9D6D20CED5}
		{9C685312-59FA-46F1-B9F5-906791DE3105} = {E7FA6D6D-F605-4AC4-9BB8-5E9D6D20CED5}
		{8084272A-87C5-4E95-94F8-FADCF1FFFF4C} = {41CFF4B9-936C-46A2-8157-F78D71BE71C2}
		{593407F5-DCD8-47D6-B151-50D9546C122D} = {8084272A-87C5-4E95-94F8-FADCF1FFFF4C}
		{743DD48C-7283-4121-BD5D-0EB773F7C6C4} = {8084272A-87C5-4E95-94F8-FADCF1FFFF4C}
		{972067EB-3EAC-4B58-A916-6285FD79A5F1} = {8084272A-87C5-4E95-94F8-FADCF1FFFF4C}
		{97F95ECE-A3E8-4773-AD54-8266A6900DC3} = {BA623780-A199-4C79-8151-5E2B4357409C}
		{4448F173-F414-46F4-8CF1-779A484A0DBD} = {BA623780-A199-4C79-8151-5E2B4357409C}
	EndGlobalSection
	GlobalSection(ExtensibilityGlobals) = postSolution
		SolutionGuid = {5F89C23B-F2C3-4A6C-87EA-42BAC92EC09F}
	EndGlobalSection
EndGlobal
